
Microsoft Visual Studio Solution File, Format Version 12.00
# Visual Studio Version 16
VisualStudioVersion = 16.0.31229.75
MinimumVisualStudioVersion = 10.0.40219.1
Project("{FAE04EC0-301F-11D3-BF4B-00C04F79EFBC}") = "ML.Sentiment.BuildUI", "ML.Sentiment.BuildUI\ML.Sentiment.BuildUI.csproj", "{EC953E30-CAD1-4AB5-B77A-49E4D6D948EA}"
EndProject
Global
	GlobalSection(SolutionConfigurationPlatforms) = preSolution
		Debug|Any CPU = Debug|Any CPU
		Release|Any CPU = Release|Any CPU
	EndGlobalSection
	GlobalSection(ProjectConfigurationPlatforms) = postSolution
		{EC953E30-CAD1-4AB5-B77A-49E4D6D948EA}.Debug|Any CPU.ActiveCfg = Debug|Any CPU
		{EC953E30-CAD1-4AB5-B77A-49E4D6D948EA}.Debug|Any CPU.Build.0 = Debug|Any CPU
		{EC953E30-CAD1-4AB5-B77A-49E4D6D948EA}.Release|Any CPU.ActiveCfg = Release|Any CPU
		{EC953E30-CAD1-4AB5-B77A-49E4D6D948EA}.Release|Any CPU.Build.0 = Release|Any CPU
	EndGlobalSection
	GlobalSection(SolutionProperties) = preSolution
		HideSolutionNode = FALSE
	EndGlobalSection
	GlobalSection(ExtensibilityGlobals) = postSolution
		SolutionGuid = {70765951-86DB-4EDD-989E-C88B2F9CE590}
	EndGlobalSection
EndGlobal
