
Microsoft Visual Studio Solution File, Format Version 12.00
# Visual Studio Version 16
VisualStudioVersion = 16.0.30717.126
MinimumVisualStudioVersion = 10.0.40219.1
Project("{FAE04EC0-301F-11D3-BF4B-00C04F79EFBC}") = "SmartDiaryRazor", "SmartDiaryRazor.csproj", "{D17C82F6-1D7E-497D-85C4-855CE867C8F8}"
EndProject
Global
	GlobalSection(SolutionConfigurationPlatforms) = preSolution
		Debug|Any CPU = Debug|Any CPU
		Release|Any CPU = Release|Any CPU
	EndGlobalSection
	GlobalSection(ProjectConfigurationPlatforms) = postSolution
		{D17C82F6-1D7E-497D-85C4-855CE867C8F8}.Debug|Any CPU.ActiveCfg = Debug|Any CPU
		{D17C82F6-1D7E-497D-85C4-855CE867C8F8}.Debug|Any CPU.Build.0 = Debug|Any CPU
		{D17C82F6-1D7E-497D-85C4-855CE867C8F8}.Release|Any CPU.ActiveCfg = Release|Any CPU
		{D17C82F6-1D7E-497D-85C4-855CE867C8F8}.Release|Any CPU.Build.0 = Release|Any CPU
	EndGlobalSection
	GlobalSection(SolutionProperties) = preSolution
		HideSolutionNode = FALSE
	EndGlobalSection
	GlobalSection(ExtensibilityGlobals) = postSolution
		SolutionGuid = {6F318560-CFC1-4FE6-9ED3-7D9344050A6D}
	EndGlobalSection
EndGlobal
